
Microsoft Visual Studio Solution File, Format Version 12.00
# Visual Studio 2013
VisualStudioVersion = 12.0.31101.0
MinimumVisualStudioVersion = 10.0.40219.1
Project("{FAE04EC0-301F-11D3-BF4B-00C04F79EFBC}") = "PokeGoTrade", "PokeGoTrade\PokeGoTrade.csproj", "{276D9911-10B3-4651-98DB-DEC0BB3AAA36}"
	ProjectSection(ProjectDependencies) = postProject
		{7324B91B-7867-4533-BDA9-B4E89712947E} = {7324B91B-7867-4533-BDA9-B4E89712947E}
	EndProjectSection
EndProject
Project("{FAE04EC0-301F-11D3-BF4B-00C04F79EFBC}") = "PokeGoTradeModel", "PokeGoTradeModel\PokeGoTradeModel.csproj", "{7324B91B-7867-4533-BDA9-B4E89712947E}"
EndProject
Global
	GlobalSection(SolutionConfigurationPlatforms) = preSolution
		Debug|Any CPU = Debug|Any CPU
		Release|Any CPU = Release|Any CPU
	EndGlobalSection
	GlobalSection(ProjectConfigurationPlatforms) = postSolution
		{276D9911-10B3-4651-98DB-DEC0BB3AAA36}.Debug|Any CPU.ActiveCfg = Debug|Any CPU
		{276D9911-10B3-4651-98DB-DEC0BB3AAA36}.Debug|Any CPU.Build.0 = Debug|Any CPU
		{276D9911-10B3-4651-98DB-DEC0BB3AAA36}.Release|Any CPU.ActiveCfg = Release|Any CPU
		{276D9911-10B3-4651-98DB-DEC0BB3AAA36}.Release|Any CPU.Build.0 = Release|Any CPU
		{7324B91B-7867-4533-BDA9-B4E89712947E}.Debug|Any CPU.ActiveCfg = Debug|Any CPU
		{7324B91B-7867-4533-BDA9-B4E89712947E}.Debug|Any CPU.Build.0 = Debug|Any CPU
		{7324B91B-7867-4533-BDA9-B4E89712947E}.Release|Any CPU.ActiveCfg = Release|Any CPU
		{7324B91B-7867-4533-BDA9-B4E89712947E}.Release|Any CPU.Build.0 = Release|Any CPU
	EndGlobalSection
	GlobalSection(SolutionProperties) = preSolution
		HideSolutionNode = FALSE
	EndGlobalSection
EndGlobal
